<?xml version="1.0" encoding="UTF-8" standalone="yes" ?>
<CodeBlocks_project_file>
	<FileVersion major="1" minor="6" />
	<Project>
		<Option title="cauchy_encoder" />
		<Option pch_mode="2" />
		<Option compiler="gcc" />
		<Build>
			<Target title="Debug">
				<Option output="bin/Debug/cauchy_encoder" prefix_auto="1" extension_auto="1" />
				<Option object_output="obj/Debug/" />
				<Option type="1" />
				<Option compiler="gcc" />
				<Compiler>
					<Add option="-g" />
				</Compiler>
			</Target>
			<Target title="Release">
				<Option output="bin/Release/cauchy_encoder" prefix_auto="1" extension_auto="1" />
				<Option object_output="obj/Release/" />
				<Option type="1" />
				<Option compiler="gcc" />
				<Compiler>
					<Add option="-O2" />
				</Compiler>
				<Linker>
					<Add option="-s" />
				</Linker>
			</Target>
		</Build>
		<Compiler>
			<Add option="-Wall" />
		</Compiler>
		<Unit filename="../jerasure/cauchy.c">
			<Option compilerVar="CC" />
		</Unit>
		<Unit filename="../jerasure/cauchy.h" />
		<Unit filename="../jerasure/cauchy_encoder.c">
			<Option compilerVar="CC" />
		</Unit>
		<Unit filename="../jerasure/galois.c">
			<Option compilerVar="CC" />
		</Unit>
		<Unit filename="../jerasure/galois.h" />
		<Unit filename="../jerasure/jerasure.c">
			<Option compilerVar="CC" />
		</Unit>
		<Unit filename="../jerasure/jerasure.h" />
		<Unit filename="../jerasure/liberation.c">
			<Option compilerVar="CC" />
		</Unit>
		<Unit filename="../jerasure/liberation.h" />
		<Unit filename="../jerasure/reed_sol.c">
			<Option compilerVar="CC" />
		</Unit>
		<Unit filename="../jerasure/reed_sol.h" />
		<Extensions>
			<code_completion />
			<envvars />
			<lib_finder disable_auto="1" />
			<debugger />
		</Extensions>
	</Project>
</CodeBlocks_project_file>
